{
  "name": "miau",
  "version": "1.0.0",
  "lockfileVersion": 3,
  "requires": true,
  "packages": {
    "": {
      "name": "miau",
      "version": "1.0.0",
      "license": "ISC",
      "dependencies": {
        "material-symbols": "^0.25.1"
      }
    },
    "node_modules/material-symbols": {
      "version": "0.25.1",
      "resolved": "https://registry.npmjs.org/material-symbols/-/material-symbols-0.25.1.tgz",
      "integrity": "sha512-0HopmXLjRs4H99LWajFWIXAt8DpaVMf9lyhKp35HQ+ocb7JJ3eXJTJNkOwccfbJ34qIuwYDwLJQtlzheMFmizw==",
      "license": "Apache-2.0"
    }
  }
}
